
Microsoft Visual Studio Solution File, Format Version 12.00
# Visual Studio Version 17
VisualStudioVersion = 17.5.33414.496
MinimumVisualStudioVersion = 10.0.40219.1
Project("{9A19103F-16F7-4668-BE54-9A1E7A4F7556}") = "EPPlusCore", "EEPlusCore\EPPlusCore.csproj", "{A4142468-EE55-4346-9F28-6B5B4967A070}"
EndProject
Global
	GlobalSection(SolutionConfigurationPlatforms) = preSolution
		Debug|Any CPU = Debug|Any CPU
		Release|Any CPU = Release|Any CPU
	EndGlobalSection
	GlobalSection(ProjectConfigurationPlatforms) = postSolution
		{A4142468-EE55-4346-9F28-6B5B4967A070}.Debug|Any CPU.ActiveCfg = Release|Any CPU
		{A4142468-EE55-4346-9F28-6B5B4967A070}.Debug|Any CPU.Build.0 = Release|Any CPU
		{A4142468-EE55-4346-9F28-6B5B4967A070}.Release|Any CPU.ActiveCfg = Release|Any CPU
		{A4142468-EE55-4346-9F28-6B5B4967A070}.Release|Any CPU.Build.0 = Release|Any CPU
	EndGlobalSection
	GlobalSection(SolutionProperties) = preSolution
		HideSolutionNode = FALSE
	EndGlobalSection
	GlobalSection(ExtensibilityGlobals) = postSolution
		SolutionGuid = {442CFF8E-663B-4220-86F5-2E056ACD520E}
	EndGlobalSection
EndGlobal
